{
  "object": {
    "pins": [
      {
        "package": "PassLibrary",
        "repositoryURL": "https://github.com/kamaal111/PassLibrary.git",
        "state": {
          "branch": null,
          "revision": "8e21dc6907a0f353389554fa68531ebdef5cf42b",
          "version": "2.1.2"
        }
      },
      {
        "package": "XiphiasNet",
        "repositoryURL": "https://github.com/kamaal111/XiphiasNet",
        "state": {
          "branch": null,
          "revision": "ac2a187794cf017caf0c6dda48d3d390c6d04894",
          "version": "3.0.5"
        }
      }
    ]
  },
  "version": 1
}
